// !$*UTF8*$!
{
	archiveVersion = 1;
	classes = {
	};
	objectVersion = 56;
	objects = {

/* Begin PBXBuildFile section */
		C6240449294B334500FDC674 /* ElementCell.swift in Sources */ = {isa = PBXBuildFile; fileRef = C6240448294B334500FDC674 /* ElementCell.swift */; };
		C624044C294B3E3E00FDC674 /* BubleSort.swift in Sources */ = {isa = PBXBuildFile; fileRef = C624044B294B3E3E00FDC674 /* BubleSort.swift */; };
		C624044E294B404200FDC674 /* Elements.swift in Sources */ = {isa = PBXBuildFile; fileRef = C624044D294B404200FDC674 /* Elements.swift */; };
		C6240451294B849B00FDC674 /* CustomSegmentedControl.swift in Sources */ = {isa = PBXBuildFile; fileRef = C6240450294B849B00FDC674 /* CustomSegmentedControl.swift */; };
		C6240453294B8ACC00FDC674 /* SpeedTypeButton.swift in Sources */ = {isa = PBXBuildFile; fileRef = C6240452294B8ACC00FDC674 /* SpeedTypeButton.swift */; };
		C6240456294BBC6B00FDC674 /* UIView + Extensions.swift in Sources */ = {isa = PBXBuildFile; fileRef = C6240455294BBC6B00FDC674 /* UIView + Extensions.swift */; };
		C64D3B55294B28F800336682 /* AppDelegate.swift in Sources */ = {isa = PBXBuildFile; fileRef = C64D3B54294B28F800336682 /* AppDelegate.swift */; };
		C64D3B59294B28F800336682 /* ViewController.swift in Sources */ = {isa = PBXBuildFile; fileRef = C64D3B58294B28F800336682 /* ViewController.swift */; };
		C64D3B5E294B28F900336682 /* Assets.xcassets in Resources */ = {isa = PBXBuildFile; fileRef = C64D3B5D294B28F900336682 /* Assets.xcassets */; };
		C64D3B61294B28F900336682 /* LaunchScreen.storyboard in Resources */ = {isa = PBXBuildFile; fileRef = C64D3B5F294B28F900336682 /* LaunchScreen.storyboard */; };
/* End PBXBuildFile section */

/* Begin PBXFileReference section */
		C6240448294B334500FDC674 /* ElementCell.swift */ = {isa = PBXFileReference; lastKnownFileType = sourcecode.swift; path = ElementCell.swift; sourceTree = "<group>"; };
		C624044B294B3E3E00FDC674 /* BubleSort.swift */ = {isa = PBXFileReference; lastKnownFileType = sourcecode.swift; path = BubleSort.swift; sourceTree = "<group>"; };
		C624044D294B404200FDC674 /* Elements.swift */ = {isa = PBXFileReference; lastKnownFileType = sourcecode.swift; path = Elements.swift; sourceTree = "<group>"; };
		C6240450294B849B00FDC674 /* CustomSegmentedControl.swift */ = {isa = PBXFileReference; lastKnownFileType = sourcecode.swift; path = CustomSegmentedControl.swift; sourceTree = "<group>"; };
		C6240452294B8ACC00FDC674 /* SpeedTypeButton.swift */ = {isa = PBXFileReference; lastKnownFileType = sourcecode.swift; path = SpeedTypeButton.swift; sourceTree = "<group>"; };
		C6240455294BBC6B00FDC674 /* UIView + Extensions.swift */ = {isa = PBXFileReference; lastKnownFileType = sourcecode.swift; path = "UIView + Extensions.swift"; sourceTree = "<group>"; };
		C64D3B51294B28F800336682 /* SortingAnimator.app */ = {isa = PBXFileReference; explicitFileType = wrapper.application; includeInIndex = 0; path = SortingAnimator.app; sourceTree = BUILT_PRODUCTS_DIR; };
		C64D3B54294B28F800336682 /* AppDelegate.swift */ = {isa = PBXFileReference; lastKnownFileType = sourcecode.swift; path = AppDelegate.swift; sourceTree = "<group>"; };
		C64D3B58294B28F800336682 /* ViewController.swift */ = {isa = PBXFileReference; lastKnownFileType = sourcecode.swift; path = ViewController.swift; sourceTree = "<group>"; };
		C64D3B5D294B28F900336682 /* Assets.xcassets */ = {isa = PBXFileReference; lastKnownFileType = folder.assetcatalog; path = Assets.xcassets; sourceTree = "<group>"; };
		C64D3B60294B28F900336682 /* Base */ = {isa = PBXFileReference; lastKnownFileType = file.storyboard; name = Base; path = Base.lproj/LaunchScreen.storyboard; sourceTree = "<group>"; };
		C64D3B62294B28F900336682 /* Info.plist */ = {isa = PBXFileReference; lastKnownFileType = text.plist.xml; path = Info.plist; sourceTree = "<group>"; };
/* End PBXFileReference section */

/* Begin PBXFrameworksBuildPhase section */
		C64D3B4E294B28F800336682 /* Frameworks */ = {
			isa = PBXFrameworksBuildPhase;
			buildActionMask = 2147483647;
			files = (
			);
			runOnlyForDeploymentPostprocessing = 0;
		};
/* End PBXFrameworksBuildPhase section */

/* Begin PBXGroup section */
		C6240447294B331300FDC674 /* View */ = {
			isa = PBXGroup;
			children = (
				C6240448294B334500FDC674 /* ElementCell.swift */,
				C6240450294B849B00FDC674 /* CustomSegmentedControl.swift */,
				C6240452294B8ACC00FDC674 /* SpeedTypeButton.swift */,
			);
			path = View;
			sourceTree = "<group>";
		};
		C624044A294B3E2D00FDC674 /* Service */ = {
			isa = PBXGroup;
			children = (
				C624044B294B3E3E00FDC674 /* BubleSort.swift */,
			);
			path = Service;
			sourceTree = "<group>";
		};
		C624044F294B404900FDC674 /* Model */ = {
			isa = PBXGroup;
			children = (
				C624044D294B404200FDC674 /* Elements.swift */,
			);
			path = Model;
			sourceTree = "<group>";
		};
		C6240454294BBC5800FDC674 /* Extensions */ = {
			isa = PBXGroup;
			children = (
				C6240455294BBC6B00FDC674 /* UIView + Extensions.swift */,
			);
			path = Extensions;
			sourceTree = "<group>";
		};
		C64D3B48294B28F800336682 = {
			isa = PBXGroup;
			children = (
				C64D3B53294B28F800336682 /* SortingAnimator */,
				C64D3B52294B28F800336682 /* Products */,
			);
			sourceTree = "<group>";
		};
		C64D3B52294B28F800336682 /* Products */ = {
			isa = PBXGroup;
			children = (
				C64D3B51294B28F800336682 /* SortingAnimator.app */,
			);
			name = Products;
			sourceTree = "<group>";
		};
		C64D3B53294B28F800336682 /* SortingAnimator */ = {
			isa = PBXGroup;
			children = (
				C6240454294BBC5800FDC674 /* Extensions */,
				C624044A294B3E2D00FDC674 /* Service */,
				C64D3B6A294B2DE500336682 /* ViewController */,
				C6240447294B331300FDC674 /* View */,
				C624044F294B404900FDC674 /* Model */,
				C64D3B68294B2D9E00336682 /* Application */,
				C64D3B69294B2DA700336682 /* Resourses */,
				C64D3B5F294B28F900336682 /* LaunchScreen.storyboard */,
			);
			path = SortingAnimator;
			sourceTree = "<group>";
		};
		C64D3B68294B2D9E00336682 /* Application */ = {
			isa = PBXGroup;
			children = (
				C64D3B54294B28F800336682 /* AppDelegate.swift */,
				C64D3B62294B28F900336682 /* Info.plist */,
			);
			path = Application;
			sourceTree = "<group>";
		};
		C64D3B69294B2DA700336682 /* Resourses */ = {
			isa = PBXGroup;
			children = (
				C64D3B5D294B28F900336682 /* Assets.xcassets */,
			);
			path = Resourses;
			sourceTree = "<group>";
		};
		C64D3B6A294B2DE500336682 /* ViewController */ = {
			isa = PBXGroup;
			children = (
				C64D3B58294B28F800336682 /* ViewController.swift */,
			);
			path = ViewController;
			sourceTree = "<group>";
		};
/* End PBXGroup section */

/* Begin PBXNativeTarget section */
		C64D3B50294B28F800336682 /* SortingAnimator */ = {
			isa = PBXNativeTarget;
			buildConfigurationList = C64D3B65294B28F900336682 /* Build configuration list for PBXNativeTarget "SortingAnimator" */;
			buildPhases = (
				C64D3B4D294B28F800336682 /* Sources */,
				C64D3B4E294B28F800336682 /* Frameworks */,
				C64D3B4F294B28F800336682 /* Resources */,
			);
			buildRules = (
			);
			dependencies = (
			);
			name = SortingAnimator;
			productName = SortingAnimator;
			productReference = C64D3B51294B28F800336682 /* SortingAnimator.app */;
			productType = "com.apple.product-type.application";
		};
/* End PBXNativeTarget section */

/* Begin PBXProject section */
		C64D3B49294B28F800336682 /* Project object */ = {
			isa = PBXProject;
			attributes = {
				BuildIndependentTargetsInParallel = 1;
				LastSwiftUpdateCheck = 1410;
				LastUpgradeCheck = 1410;
				TargetAttributes = {
					C64D3B50294B28F800336682 = {
						CreatedOnToolsVersion = 14.1;
					};
				};
			};
			buildConfigurationList = C64D3B4C294B28F800336682 /* Build configuration list for PBXProject "SortingAnimator" */;
			compatibilityVersion = "Xcode 14.0";
			developmentRegion = en;
			hasScannedForEncodings = 0;
			knownRegions = (
				en,
				Base,
			);
			mainGroup = C64D3B48294B28F800336682;
			productRefGroup = C64D3B52294B28F800336682 /* Products */;
			projectDirPath = "";
			projectRoot = "";
			targets = (
				C64D3B50294B28F800336682 /* SortingAnimator */,
			);
		};
/* End PBXProject section */

/* Begin PBXResourcesBuildPhase section */
		C64D3B4F294B28F800336682 /* Resources */ = {
			isa = PBXResourcesBuildPhase;
			buildActionMask = 2147483647;
			files = (
				C64D3B61294B28F900336682 /* LaunchScreen.storyboard in Resources */,
				C64D3B5E294B28F900336682 /* Assets.xcassets in Resources */,
			);
			runOnlyForDeploymentPostprocessing = 0;
		};
/* End PBXResourcesBuildPhase section */

/* Begin PBXSourcesBuildPhase section */
		C64D3B4D294B28F800336682 /* Sources */ = {
			isa = PBXSourcesBuildPhase;
			buildActionMask = 2147483647;
			files = (
				C6240456294BBC6B00FDC674 /* UIView + Extensions.swift in Sources */,
				C6240453294B8ACC00FDC674 /* SpeedTypeButton.swift in Sources */,
				C624044C294B3E3E00FDC674 /* BubleSort.swift in Sources */,
				C6240449294B334500FDC674 /* ElementCell.swift in Sources */,
				C64D3B59294B28F800336682 /* ViewController.swift in Sources */,
				C64D3B55294B28F800336682 /* AppDelegate.swift in Sources */,
				C624044E294B404200FDC674 /* Elements.swift in Sources */,
				C6240451294B849B00FDC674 /* CustomSegmentedControl.swift in Sources */,
			);
			runOnlyForDeploymentPostprocessing = 0;
		};
/* End PBXSourcesBuildPhase section */

/* Begin PBXVariantGroup section */
		C64D3B5F294B28F900336682 /* LaunchScreen.storyboard */ = {
			isa = PBXVariantGroup;
			children = (
				C64D3B60294B28F900336682 /* Base */,
			);
			name = LaunchScreen.storyboard;
			sourceTree = "<group>";
		};
/* End PBXVariantGroup section */

/* Begin XCBuildConfiguration section */
		C64D3B63294B28F900336682 /* Debug */ = {
			isa = XCBuildConfiguration;
			buildSettings = {
				ALWAYS_SEARCH_USER_PATHS = NO;
				CLANG_ANALYZER_NONNULL = YES;
				CLANG_ANALYZER_NUMBER_OBJECT_CONVERSION = YES_AGGRESSIVE;
				CLANG_CXX_LANGUAGE_STANDARD = "gnu++20";
				CLANG_ENABLE_MODULES = YES;
				CLANG_ENABLE_OBJC_ARC = YES;
				CLANG_ENABLE_OBJC_WEAK = YES;
				CLANG_WARN_BLOCK_CAPTURE_AUTORELEASING = YES;
				CLANG_WARN_BOOL_CONVERSION = YES;
				CLANG_WARN_COMMA = YES;
				CLANG_WARN_CONSTANT_CONVERSION = YES;
				CLANG_WARN_DEPRECATED_OBJC_IMPLEMENTATIONS = YES;
				CLANG_WARN_DIRECT_OBJC_ISA_USAGE = YES_ERROR;
				CLANG_WARN_DOCUMENTATION_COMMENTS = YES;
				CLANG_WARN_EMPTY_BODY = YES;
				CLANG_WARN_ENUM_CONVERSION = YES;
				CLANG_WARN_INFINITE_RECURSION = YES;
				CLANG_WARN_INT_CONVERSION = YES;
				CLANG_WARN_NON_LITERAL_NULL_CONVERSION = YES;
				CLANG_WARN_OBJC_IMPLICIT_RETAIN_SELF = YES;
				CLANG_WARN_OBJC_LITERAL_CONVERSION = YES;
				CLANG_WARN_OBJC_ROOT_CLASS = YES_ERROR;
				CLANG_WARN_QUOTED_INCLUDE_IN_FRAMEWORK_HEADER = YES;
				CLANG_WARN_RANGE_LOOP_ANALYSIS = YES;
				CLANG_WARN_STRICT_PROTOTYPES = YES;
				CLANG_WARN_SUSPICIOUS_MOVE = YES;
				CLANG_WARN_UNGUARDED_AVAILABILITY = YES_AGGRESSIVE;
				CLANG_WARN_UNREACHABLE_CODE = YES;
				CLANG_WARN__DUPLICATE_METHOD_MATCH = YES;
				COPY_PHASE_STRIP = NO;
				DEBUG_INFORMATION_FORMAT = dwarf;
				ENABLE_STRICT_OBJC_MSGSEND = YES;
				ENABLE_TESTABILITY = YES;
				GCC_C_LANGUAGE_STANDARD = gnu11;
				GCC_DYNAMIC_NO_PIC = NO;
				GCC_NO_COMMON_BLOCKS = YES;
				GCC_OPTIMIZATION_LEVEL = 0;
				GCC_PREPROCESSOR_DEFINITIONS = (
					"DEBUG=1",
					"$(inherited)",
				);
				GCC_WARN_64_TO_32_BIT_CONVERSION = YES;
				GCC_WARN_ABOUT_RETURN_TYPE = YES_ERROR;
				GCC_WARN_UNDECLARED_SELECTOR = YES;
				GCC_WARN_UNINITIALIZED_AUTOS = YES_AGGRESSIVE;
				GCC_WARN_UNUSED_FUNCTION = YES;
				GCC_WARN_UNUSED_VARIABLE = YES;
				IPHONEOS_DEPLOYMENT_TARGET = 16.1;
				MTL_ENABLE_DEBUG_INFO = INCLUDE_SOURCE;
				MTL_FAST_MATH = YES;
				ONLY_ACTIVE_ARCH = YES;
				SDKROOT = iphoneos;
				SWIFT_ACTIVE_COMPILATION_CONDITIONS = DEBUG;
				SWIFT_OPTIMIZATION_LEVEL = "-Onone";
			};
			name = Debug;
		};
		C64D3B64294B28F900336682 /* Release */ = {
			isa = XCBuildConfiguration;
			buildSettings = {
				ALWAYS_SEARCH_USER_PATHS = NO;
				CLANG_ANALYZER_NONNULL = YES;
				CLANG_ANALYZER_NUMBER_OBJECT_CONVERSION = YES_AGGRESSIVE;
				CLANG_CXX_LANGUAGE_STANDARD = "gnu++20";
				CLANG_ENABLE_MODULES = YES;
				CLANG_ENABLE_OBJC_ARC = YES;
				CLANG_ENABLE_OBJC_WEAK = YES;
				CLANG_WARN_BLOCK_CAPTURE_AUTORELEASING = YES;
				CLANG_WARN_BOOL_CONVERSION = YES;
				CLANG_WARN_COMMA = YES;
				CLANG_WARN_CONSTANT_CONVERSION = YES;
				CLANG_WARN_DEPRECATED_OBJC_IMPLEMENTATIONS = YES;
				CLANG_WARN_DIRECT_OBJC_ISA_USAGE = YES_ERROR;
				CLANG_WARN_DOCUMENTATION_COMMENTS = YES;
				CLANG_WARN_EMPTY_BODY = YES;
				CLANG_WARN_ENUM_CONVERSION = YES;
				CLANG_WARN_INFINITE_RECURSION = YES;
				CLANG_WARN_INT_CONVERSION = YES;
				CLANG_WARN_NON_LITERAL_NULL_CONVERSION = YES;
				CLANG_WARN_OBJC_IMPLICIT_RETAIN_SELF = YES;
				CLANG_WARN_OBJC_LITERAL_CONVERSION = YES;
				CLANG_WARN_OBJC_ROOT_CLASS = YES_ERROR;
				CLANG_WARN_QUOTED_INCLUDE_IN_FRAMEWORK_HEADER = YES;
				CLANG_WARN_RANGE_LOOP_ANALYSIS = YES;
				CLANG_WARN_STRICT_PROTOTYPES = YES;
				CLANG_WARN_SUSPICIOUS_MOVE = YES;
				CLANG_WARN_UNGUARDED_AVAILABILITY = YES_AGGRESSIVE;
				CLANG_WARN_UNREACHABLE_CODE = YES;
				CLANG_WARN__DUPLICATE_METHOD_MATCH = YES;
				COPY_PHASE_STRIP = NO;
				DEBUG_INFORMATION_FORMAT = "dwarf-with-dsym";
				ENABLE_NS_ASSERTIONS = NO;
				ENABLE_STRICT_OBJC_MSGSEND = YES;
				GCC_C_LANGUAGE_STANDARD = gnu11;
				GCC_NO_COMMON_BLOCKS = YES;
				GCC_WARN_64_TO_32_BIT_CONVERSION = YES;
				GCC_WARN_ABOUT_RETURN_TYPE = YES_ERROR;
				GCC_WARN_UNDECLARED_SELECTOR = YES;
				GCC_WARN_UNINITIALIZED_AUTOS = YES_AGGRESSIVE;
				GCC_WARN_UNUSED_FUNCTION = YES;
				GCC_WARN_UNUSED_VARIABLE = YES;
				IPHONEOS_DEPLOYMENT_TARGET = 16.1;
				MTL_ENABLE_DEBUG_INFO = NO;
				MTL_FAST_MATH = YES;
				SDKROOT = iphoneos;
				SWIFT_COMPILATION_MODE = wholemodule;
				SWIFT_OPTIMIZATION_LEVEL = "-O";
				VALIDATE_PRODUCT = YES;
			};
			name = Release;
		};
		C64D3B66294B28F900336682 /* Debug */ = {
			isa = XCBuildConfiguration;
			buildSettings = {
				ASSETCATALOG_COMPILER_APPICON_NAME = AppIcon;
				ASSETCATALOG_COMPILER_GLOBAL_ACCENT_COLOR_NAME = AccentColor;
				CODE_SIGN_STYLE = Automatic;
				CURRENT_PROJECT_VERSION = 1;
				DEVELOPMENT_TEAM = 5QL6TNF9LL;
				GENERATE_INFOPLIST_FILE = YES;
				INFOPLIST_FILE = SortingAnimator/Application/Info.plist;
				INFOPLIST_KEY_UIApplicationSupportsIndirectInputEvents = YES;
				INFOPLIST_KEY_UILaunchStoryboardName = LaunchScreen;
				INFOPLIST_KEY_UISupportedInterfaceOrientations_iPad = "UIInterfaceOrientationPortrait UIInterfaceOrientationPortraitUpsideDown UIInterfaceOrientationLandscapeLeft UIInterfaceOrientationLandscapeRight";
				INFOPLIST_KEY_UISupportedInterfaceOrientations_iPhone = "UIInterfaceOrientationPortrait UIInterfaceOrientationLandscapeLeft UIInterfaceOrientationLandscapeRight";
				IPHONEOS_DEPLOYMENT_TARGET = 14.0;
				LD_RUNPATH_SEARCH_PATHS = (
					"$(inherited)",
					"@executable_path/Frameworks",
				);
				MARKETING_VERSION = 1.0;
				PRODUCT_BUNDLE_IDENTIFIER = Miller.SortingAnimator;
				PRODUCT_NAME = "$(TARGET_NAME)";
				SWIFT_EMIT_LOC_STRINGS = YES;
				SWIFT_VERSION = 5.0;
				TARGETED_DEVICE_FAMILY = "1,2";
			};
			name = Debug;
		};
		C64D3B67294B28F900336682 /* Release */ = {
			isa = XCBuildConfiguration;
			buildSettings = {
				ASSETCATALOG_COMPILER_APPICON_NAME = AppIcon;
				ASSETCATALOG_COMPILER_GLOBAL_ACCENT_COLOR_NAME = AccentColor;
				CODE_SIGN_STYLE = Automatic;
				CURRENT_PROJECT_VERSION = 1;
				DEVELOPMENT_TEAM = 5QL6TNF9LL;
				GENERATE_INFOPLIST_FILE = YES;
				INFOPLIST_FILE = SortingAnimator/Application/Info.plist;
				INFOPLIST_KEY_UIApplicationSupportsIndirectInputEvents = YES;
				INFOPLIST_KEY_UILaunchStoryboardName = LaunchScreen;
				INFOPLIST_KEY_UISupportedInterfaceOrientations_iPad = "UIInterfaceOrientationPortrait UIInterfaceOrientationPortraitUpsideDown UIInterfaceOrientationLandscapeLeft UIInterfaceOrientationLandscapeRight";
				INFOPLIST_KEY_UISupportedInterfaceOrientations_iPhone = "UIInterfaceOrientationPortrait UIInterfaceOrientationLandscapeLeft UIInterfaceOrientationLandscapeRight";
				IPHONEOS_DEPLOYMENT_TARGET = 14.0;
				LD_RUNPATH_SEARCH_PATHS = (
					"$(inherited)",
					"@executable_path/Frameworks",
				);
				MARKETING_VERSION = 1.0;
				PRODUCT_BUNDLE_IDENTIFIER = Miller.SortingAnimator;
				PRODUCT_NAME = "$(TARGET_NAME)";
				SWIFT_EMIT_LOC_STRINGS = YES;
				SWIFT_VERSION = 5.0;
				TARGETED_DEVICE_FAMILY = "1,2";
			};
			name = Release;
		};
/* End XCBuildConfiguration section */

/* Begin XCConfigurationList section */
		C64D3B4C294B28F800336682 /* Build configuration list for PBXProject "SortingAnimator" */ = {
			isa = XCConfigurationList;
			buildConfigurations = (
				C64D3B63294B28F900336682 /* Debug */,
				C64D3B64294B28F900336682 /* Release */,
			);
			defaultConfigurationIsVisible = 0;
			defaultConfigurationName = Release;
		};
		C64D3B65294B28F900336682 /* Build configuration list for PBXNativeTarget "SortingAnimator" */ = {
			isa = XCConfigurationList;
			buildConfigurations = (
				C64D3B66294B28F900336682 /* Debug */,
				C64D3B67294B28F900336682 /* Release */,
			);
			defaultConfigurationIsVisible = 0;
			defaultConfigurationName = Release;
		};
/* End XCConfigurationList section */
	};
	rootObject = C64D3B49294B28F800336682 /* Project object */;
}
